
Microsoft Visual Studio Solution File, Format Version 12.00
# Visual Studio Version 16
VisualStudioVersion = 16.6.30114.105
MinimumVisualStudioVersion = 10.0.40219.1
Project("{9A19103F-16F7-4668-BE54-9A1E7A4F7556}") = "R5T.D0067.Construction", "R5T.D0067.Construction\R5T.D0067.Construction.csproj", "{7D16260C-34A0-49F8-8BBC-BB1CD228B3E5}"
EndProject
Project("{9A19103F-16F7-4668-BE54-9A1E7A4F7556}") = "R5T.D0067.Base", "R5T.D0067.Base\R5T.D0067.Base.csproj", "{84D3230E-7E38-4661-A131-41474A297C05}"
EndProject
Project("{9A19103F-16F7-4668-BE54-9A1E7A4F7556}") = "R5T.D0067.Default", "R5T.D0067.Default\R5T.D0067.Default.csproj", "{35640321-FC3B-478F-940A-2E48ED937826}"
EndProject
Project("{2150E333-8FDC-42A3-9474-1A3956D46DE8}") = "_Dependencies", "_Dependencies", "{60DEC17D-E7FC-40B8-B3B2-3BB07AC8A36C}"
EndProject
Project("{9A19103F-16F7-4668-BE54-9A1E7A4F7556}") = "R5T.Dacia", "..\..\R5T.Dacia\source\R5T.Dacia\R5T.Dacia.csproj", "{FED81720-6AD4-4019-81EF-1862622F620B}"
EndProject
Project("{9A19103F-16F7-4668-BE54-9A1E7A4F7556}") = "R5T.Dacia.Extensions", "..\..\R5T.Dacia.Extensions\source\R5T.Dacia.Extensions\R5T.Dacia.Extensions.csproj", "{2F75220C-0851-4FAE-B674-7F11CCE1F24B}"
EndProject
Project("{9A19103F-16F7-4668-BE54-9A1E7A4F7556}") = "R5T.D0066.Base", "..\..\R5T.D0066\source\R5T.D0066.Base\R5T.D0066.Base.csproj", "{B2EBF956-0420-431A-A49C-1FC4369195AF}"
EndProject
Project("{9A19103F-16F7-4668-BE54-9A1E7A4F7556}") = "R5T.D0065.Base", "..\..\R5T.D0065\source\R5T.D0065.Base\R5T.D0065.Base.csproj", "{47E13FB3-0FBC-4CDA-85D2-9FA386D4CF23}"
EndProject
Project("{9A19103F-16F7-4668-BE54-9A1E7A4F7556}") = "R5T.D0062.Base", "..\..\R5T.D0062\source\R5T.D0062.Base\R5T.D0062.Base.csproj", "{90D32BA2-B3C0-4BB3-A453-F52B9E705293}"
EndProject
Project("{9A19103F-16F7-4668-BE54-9A1E7A4F7556}") = "R5T.D0062.Extensions", "..\..\R5T.D0062\source\R5T.D0062.Extensions\R5T.D0062.Extensions.csproj", "{A3681A81-24A3-4EDF-AF0B-B29700D971B5}"
EndProject
Project("{9A19103F-16F7-4668-BE54-9A1E7A4F7556}") = "R5T.T0064", "..\..\R5T.T0064\source\R5T.T0064\R5T.T0064.csproj", "{843E1534-378D-4F57-8B22-CC38593ECCA1}"
EndProject
Global
	GlobalSection(SolutionConfigurationPlatforms) = preSolution
		Debug|Any CPU = Debug|Any CPU
		Debug|x64 = Debug|x64
		Debug|x86 = Debug|x86
		Release|Any CPU = Release|Any CPU
		Release|x64 = Release|x64
		Release|x86 = Release|x86
	EndGlobalSection
	GlobalSection(ProjectConfigurationPlatforms) = postSolution
		{7D16260C-34A0-49F8-8BBC-BB1CD228B3E5}.Debug|Any CPU.ActiveCfg = Debug|Any CPU
		{7D16260C-34A0-49F8-8BBC-BB1CD228B3E5}.Debug|Any CPU.Build.0 = Debug|Any CPU
		{7D16260C-34A0-49F8-8BBC-BB1CD228B3E5}.Debug|x64.ActiveCfg = Debug|Any CPU
		{7D16260C-34A0-49F8-8BBC-BB1CD228B3E5}.Debug|x64.Build.0 = Debug|Any CPU
		{7D16260C-34A0-49F8-8BBC-BB1CD228B3E5}.Debug|x86.ActiveCfg = Debug|Any CPU
		{7D16260C-34A0-49F8-8BBC-BB1CD228B3E5}.Debug|x86.Build.0 = Debug|Any CPU
		{7D16260C-34A0-49F8-8BBC-BB1CD228B3E5}.Release|Any CPU.ActiveCfg = Release|Any CPU
		{7D16260C-34A0-49F8-8BBC-BB1CD228B3E5}.Release|Any CPU.Build.0 = Release|Any CPU
		{7D16260C-34A0-49F8-8BBC-BB1CD228B3E5}.Release|x64.ActiveCfg = Release|Any CPU
		{7D16260C-34A0-49F8-8BBC-BB1CD228B3E5}.Release|x64.Build.0 = Release|Any CPU
		{7D16260C-34A0-49F8-8BBC-BB1CD228B3E5}.Release|x86.ActiveCfg = Release|Any CPU
		{7D16260C-34A0-49F8-8BBC-BB1CD228B3E5}.Release|x86.Build.0 = Release|Any CPU
		{84D3230E-7E38-4661-A131-41474A297C05}.Debug|Any CPU.ActiveCfg = Debug|Any CPU
		{84D3230E-7E38-4661-A131-41474A297C05}.Debug|Any CPU.Build.0 = Debug|Any CPU
		{84D3230E-7E38-4661-A131-41474A297C05}.Debug|x64.ActiveCfg = Debug|Any CPU
		{84D3230E-7E38-4661-A131-41474A297C05}.Debug|x64.Build.0 = Debug|Any CPU
		{84D3230E-7E38-4661-A131-41474A297C05}.Debug|x86.ActiveCfg = Debug|Any CPU
		{84D3230E-7E38-4661-A131-41474A297C05}.Debug|x86.Build.0 = Debug|Any CPU
		{84D3230E-7E38-4661-A131-41474A297C05}.Release|Any CPU.ActiveCfg = Release|Any CPU
		{84D3230E-7E38-4661-A131-41474A297C05}.Release|Any CPU.Build.0 = Release|Any CPU
		{84D3230E-7E38-4661-A131-41474A297C05}.Release|x64.ActiveCfg = Release|Any CPU
		{84D3230E-7E38-4661-A131-41474A297C05}.Release|x64.Build.0 = Release|Any CPU
		{84D3230E-7E38-4661-A131-41474A297C05}.Release|x86.ActiveCfg = Release|Any CPU
		{84D3230E-7E38-4661-A131-41474A297C05}.Release|x86.Build.0 = Release|Any CPU
		{35640321-FC3B-478F-940A-2E48ED937826}.Debug|Any CPU.ActiveCfg = Debug|Any CPU
		{35640321-FC3B-478F-940A-2E48ED937826}.Debug|Any CPU.Build.0 = Debug|Any CPU
		{35640321-FC3B-478F-940A-2E48ED937826}.Debug|x64.ActiveCfg = Debug|Any CPU
		{35640321-FC3B-478F-940A-2E48ED937826}.Debug|x64.Build.0 = Debug|Any CPU
		{35640321-FC3B-478F-940A-2E48ED937826}.Debug|x86.ActiveCfg = Debug|Any CPU
		{35640321-FC3B-478F-940A-2E48ED937826}.Debug|x86.Build.0 = Debug|Any CPU
		{35640321-FC3B-478F-940A-2E48ED937826}.Release|Any CPU.ActiveCfg = Release|Any CPU
		{35640321-FC3B-478F-940A-2E48ED937826}.Release|Any CPU.Build.0 = Release|Any CPU
		{35640321-FC3B-478F-940A-2E48ED937826}.Release|x64.ActiveCfg = Release|Any CPU
		{35640321-FC3B-478F-940A-2E48ED937826}.Release|x64.Build.0 = Release|Any CPU
		{35640321-FC3B-478F-940A-2E48ED937826}.Release|x86.ActiveCfg = Release|Any CPU
		{35640321-FC3B-478F-940A-2E48ED937826}.Release|x86.Build.0 = Release|Any CPU
		{FED81720-6AD4-4019-81EF-1862622F620B}.Debug|Any CPU.ActiveCfg = Debug|Any CPU
		{FED81720-6AD4-4019-81EF-1862622F620B}.Debug|Any CPU.Build.0 = Debug|Any CPU
		{FED81720-6AD4-4019-81EF-1862622F620B}.Debug|x64.ActiveCfg = Debug|Any CPU
		{FED81720-6AD4-4019-81EF-1862622F620B}.Debug|x64.Build.0 = Debug|Any CPU
		{FED81720-6AD4-4019-81EF-1862622F620B}.Debug|x86.ActiveCfg = Debug|Any CPU
		{FED81720-6AD4-4019-81EF-1862622F620B}.Debug|x86.Build.0 = Debug|Any CPU
		{FED81720-6AD4-4019-81EF-1862622F620B}.Release|Any CPU.ActiveCfg = Release|Any CPU
		{FED81720-6AD4-4019-81EF-1862622F620B}.Release|Any CPU.Build.0 = Release|Any CPU
		{FED81720-6AD4-4019-81EF-1862622F620B}.Release|x64.ActiveCfg = Release|Any CPU
		{FED81720-6AD4-4019-81EF-1862622F620B}.Release|x64.Build.0 = Release|Any CPU
		{FED81720-6AD4-4019-81EF-1862622F620B}.Release|x86.ActiveCfg = Release|Any CPU
		{FED81720-6AD4-4019-81EF-1862622F620B}.Release|x86.Build.0 = Release|Any CPU
		{2F75220C-0851-4FAE-B674-7F11CCE1F24B}.Debug|Any CPU.ActiveCfg = Debug|Any CPU
		{2F75220C-0851-4FAE-B674-7F11CCE1F24B}.Debug|Any CPU.Build.0 = Debug|Any CPU
		{2F75220C-0851-4FAE-B674-7F11CCE1F24B}.Debug|x64.ActiveCfg = Debug|Any CPU
		{2F75220C-0851-4FAE-B674-7F11CCE1F24B}.Debug|x64.Build.0 = Debug|Any CPU
		{2F75220C-0851-4FAE-B674-7F11CCE1F24B}.Debug|x86.ActiveCfg = Debug|Any CPU
		{2F75220C-0851-4FAE-B674-7F11CCE1F24B}.Debug|x86.Build.0 = Debug|Any CPU
		{2F75220C-0851-4FAE-B674-7F11CCE1F24B}.Release|Any CPU.ActiveCfg = Release|Any CPU
		{2F75220C-0851-4FAE-B674-7F11CCE1F24B}.Release|Any CPU.Build.0 = Release|Any CPU
		{2F75220C-0851-4FAE-B674-7F11CCE1F24B}.Release|x64.ActiveCfg = Release|Any CPU
		{2F75220C-0851-4FAE-B674-7F11CCE1F24B}.Release|x64.Build.0 = Release|Any CPU
		{2F75220C-0851-4FAE-B674-7F11CCE1F24B}.Release|x86.ActiveCfg = Release|Any CPU
		{2F75220C-0851-4FAE-B674-7F11CCE1F24B}.Release|x86.Build.0 = Release|Any CPU
		{B2EBF956-0420-431A-A49C-1FC4369195AF}.Debug|Any CPU.ActiveCfg = Debug|Any CPU
		{B2EBF956-0420-431A-A49C-1FC4369195AF}.Debug|Any CPU.Build.0 = Debug|Any CPU
		{B2EBF956-0420-431A-A49C-1FC4369195AF}.Debug|x64.ActiveCfg = Debug|Any CPU
		{B2EBF956-0420-431A-A49C-1FC4369195AF}.Debug|x64.Build.0 = Debug|Any CPU
		{B2EBF956-0420-431A-A49C-1FC4369195AF}.Debug|x86.ActiveCfg = Debug|Any CPU
		{B2EBF956-0420-431A-A49C-1FC4369195AF}.Debug|x86.Build.0 = Debug|Any CPU
		{B2EBF956-0420-431A-A49C-1FC4369195AF}.Release|Any CPU.ActiveCfg = Release|Any CPU
		{B2EBF956-0420-431A-A49C-1FC4369195AF}.Release|Any CPU.Build.0 = Release|Any CPU
		{B2EBF956-0420-431A-A49C-1FC4369195AF}.Release|x64.ActiveCfg = Release|Any CPU
		{B2EBF956-0420-431A-A49C-1FC4369195AF}.Release|x64.Build.0 = Release|Any CPU
		{B2EBF956-0420-431A-A49C-1FC4369195AF}.Release|x86.ActiveCfg = Release|Any CPU
		{B2EBF956-0420-431A-A49C-1FC4369195AF}.Release|x86.Build.0 = Release|Any CPU
		{47E13FB3-0FBC-4CDA-85D2-9FA386D4CF23}.Debug|Any CPU.ActiveCfg = Debug|Any CPU
		{47E13FB3-0FBC-4CDA-85D2-9FA386D4CF23}.Debug|Any CPU.Build.0 = Debug|Any CPU
		{47E13FB3-0FBC-4CDA-85D2-9FA386D4CF23}.Debug|x64.ActiveCfg = Debug|Any CPU
		{47E13FB3-0FBC-4CDA-85D2-9FA386D4CF23}.Debug|x64.Build.0 = Debug|Any CPU
		{47E13FB3-0FBC-4CDA-85D2-9FA386D4CF23}.Debug|x86.ActiveCfg = Debug|Any CPU
		{47E13FB3-0FBC-4CDA-85D2-9FA386D4CF23}.Debug|x86.Build.0 = Debug|Any CPU
		{47E13FB3-0FBC-4CDA-85D2-9FA386D4CF23}.Release|Any CPU.ActiveCfg = Release|Any CPU
		{47E13FB3-0FBC-4CDA-85D2-9FA386D4CF23}.Release|Any CPU.Build.0 = Release|Any CPU
		{47E13FB3-0FBC-4CDA-85D2-9FA386D4CF23}.Release|x64.ActiveCfg = Release|Any CPU
		{47E13FB3-0FBC-4CDA-85D2-9FA386D4CF23}.Release|x64.Build.0 = Release|Any CPU
		{47E13FB3-0FBC-4CDA-85D2-9FA386D4CF23}.Release|x86.ActiveCfg = Release|Any CPU
		{47E13FB3-0FBC-4CDA-85D2-9FA386D4CF23}.Release|x86.Build.0 = Release|Any CPU
		{90D32BA2-B3C0-4BB3-A453-F52B9E705293}.Debug|Any CPU.ActiveCfg = Debug|Any CPU
		{90D32BA2-B3C0-4BB3-A453-F52B9E705293}.Debug|Any CPU.Build.0 = Debug|Any CPU
		{90D32BA2-B3C0-4BB3-A453-F52B9E705293}.Debug|x64.ActiveCfg = Debug|Any CPU
		{90D32BA2-B3C0-4BB3-A453-F52B9E705293}.Debug|x64.Build.0 = Debug|Any CPU
		{90D32BA2-B3C0-4BB3-A453-F52B9E705293}.Debug|x86.ActiveCfg = Debug|Any CPU
		{90D32BA2-B3C0-4BB3-A453-F52B9E705293}.Debug|x86.Build.0 = Debug|Any CPU
		{90D32BA2-B3C0-4BB3-A453-F52B9E705293}.Release|Any CPU.ActiveCfg = Release|Any CPU
		{90D32BA2-B3C0-4BB3-A453-F52B9E705293}.Release|Any CPU.Build.0 = Release|Any CPU
		{90D32BA2-B3C0-4BB3-A453-F52B9E705293}.Release|x64.ActiveCfg = Release|Any CPU
		{90D32BA2-B3C0-4BB3-A453-F52B9E705293}.Release|x64.Build.0 = Release|Any CPU
		{90D32BA2-B3C0-4BB3-A453-F52B9E705293}.Release|x86.ActiveCfg = Release|Any CPU
		{90D32BA2-B3C0-4BB3-A453-F52B9E705293}.Release|x86.Build.0 = Release|Any CPU
		{A3681A81-24A3-4EDF-AF0B-B29700D971B5}.Debug|Any CPU.ActiveCfg = Debug|Any CPU
		{A3681A81-24A3-4EDF-AF0B-B29700D971B5}.Debug|Any CPU.Build.0 = Debug|Any CPU
		{A3681A81-24A3-4EDF-AF0B-B29700D971B5}.Debug|x64.ActiveCfg = Debug|Any CPU
		{A3681A81-24A3-4EDF-AF0B-B29700D971B5}.Debug|x64.Build.0 = Debug|Any CPU
		{A3681A81-24A3-4EDF-AF0B-B29700D971B5}.Debug|x86.ActiveCfg = Debug|Any CPU
		{A3681A81-24A3-4EDF-AF0B-B29700D971B5}.Debug|x86.Build.0 = Debug|Any CPU
		{A3681A81-24A3-4EDF-AF0B-B29700D971B5}.Release|Any CPU.ActiveCfg = Release|Any CPU
		{A3681A81-24A3-4EDF-AF0B-B29700D971B5}.Release|Any CPU.Build.0 = Release|Any CPU
		{A3681A81-24A3-4EDF-AF0B-B29700D971B5}.Release|x64.ActiveCfg = Release|Any CPU
		{A3681A81-24A3-4EDF-AF0B-B29700D971B5}.Release|x64.Build.0 = Release|Any CPU
		{A3681A81-24A3-4EDF-AF0B-B29700D971B5}.Release|x86.ActiveCfg = Release|Any CPU
		{A3681A81-24A3-4EDF-AF0B-B29700D971B5}.Release|x86.Build.0 = Release|Any CPU
		{843E1534-378D-4F57-8B22-CC38593ECCA1}.Debug|Any CPU.ActiveCfg = Debug|Any CPU
		{843E1534-378D-4F57-8B22-CC38593ECCA1}.Debug|Any CPU.Build.0 = Debug|Any CPU
		{843E1534-378D-4F57-8B22-CC38593ECCA1}.Debug|x64.ActiveCfg = Debug|Any CPU
		{843E1534-378D-4F57-8B22-CC38593ECCA1}.Debug|x64.Build.0 = Debug|Any CPU
		{843E1534-378D-4F57-8B22-CC38593ECCA1}.Debug|x86.ActiveCfg = Debug|Any CPU
		{843E1534-378D-4F57-8B22-CC38593ECCA1}.Debug|x86.Build.0 = Debug|Any CPU
		{843E1534-378D-4F57-8B22-CC38593ECCA1}.Release|Any CPU.ActiveCfg = Release|Any CPU
		{843E1534-378D-4F57-8B22-CC38593ECCA1}.Release|Any CPU.Build.0 = Release|Any CPU
		{843E1534-378D-4F57-8B22-CC38593ECCA1}.Release|x64.ActiveCfg = Release|Any CPU
		{843E1534-378D-4F57-8B22-CC38593ECCA1}.Release|x64.Build.0 = Release|Any CPU
		{843E1534-378D-4F57-8B22-CC38593ECCA1}.Release|x86.ActiveCfg = Release|Any CPU
		{843E1534-378D-4F57-8B22-CC38593ECCA1}.Release|x86.Build.0 = Release|Any CPU
	EndGlobalSection
	GlobalSection(SolutionProperties) = preSolution
		HideSolutionNode = FALSE
	EndGlobalSection
	GlobalSection(NestedProjects) = preSolution
		{FED81720-6AD4-4019-81EF-1862622F620B} = {60DEC17D-E7FC-40B8-B3B2-3BB07AC8A36C}
		{2F75220C-0851-4FAE-B674-7F11CCE1F24B} = {60DEC17D-E7FC-40B8-B3B2-3BB07AC8A36C}
		{B2EBF956-0420-431A-A49C-1FC4369195AF} = {60DEC17D-E7FC-40B8-B3B2-3BB07AC8A36C}
		{47E13FB3-0FBC-4CDA-85D2-9FA386D4CF23} = {60DEC17D-E7FC-40B8-B3B2-3BB07AC8A36C}
		{90D32BA2-B3C0-4BB3-A453-F52B9E705293} = {60DEC17D-E7FC-40B8-B3B2-3BB07AC8A36C}
		{A3681A81-24A3-4EDF-AF0B-B29700D971B5} = {60DEC17D-E7FC-40B8-B3B2-3BB07AC8A36C}
		{843E1534-378D-4F57-8B22-CC38593ECCA1} = {60DEC17D-E7FC-40B8-B3B2-3BB07AC8A36C}
	EndGlobalSection
	GlobalSection(ExtensibilityGlobals) = postSolution
		SolutionGuid = {C26716E6-F67F-45C9-84EB-E2A04CC04B38}
	EndGlobalSection
EndGlobal
